
Microsoft Visual Studio Solution File, Format Version 12.00
# Visual Studio Version 17
VisualStudioVersion = 17.10.35027.167
MinimumVisualStudioVersion = 10.0.40219.1
Project("{FAE04EC0-301F-11D3-BF4B-00C04F79EFBC}") = "GMDC Drone Controller Script", "GMDC Drone Controller Script\GMDC Drone Controller Script.csproj", "{B474C184-32D6-426C-959A-37BE313373A2}"
EndProject
Global
	GlobalSection(SolutionConfigurationPlatforms) = preSolution
		Debug|x64 = Debug|x64
		Release|x64 = Release|x64
	EndGlobalSection
	GlobalSection(ProjectConfigurationPlatforms) = postSolution
		{B474C184-32D6-426C-959A-37BE313373A2}.Debug|x64.ActiveCfg = Debug|x64
		{B474C184-32D6-426C-959A-37BE313373A2}.Debug|x64.Build.0 = Debug|x64
		{B474C184-32D6-426C-959A-37BE313373A2}.Release|x64.ActiveCfg = Release|x64
		{B474C184-32D6-426C-959A-37BE313373A2}.Release|x64.Build.0 = Release|x64
	EndGlobalSection
	GlobalSection(SolutionProperties) = preSolution
		HideSolutionNode = FALSE
	EndGlobalSection
	GlobalSection(ExtensibilityGlobals) = postSolution
		SolutionGuid = {B7D162AC-3FA5-4F53-A68B-91A9C0D700C0}
	EndGlobalSection
EndGlobal
